
Microsoft Visual Studio Solution File, Format Version 12.00
# Visual Studio Version 16
VisualStudioVersion = 16.0.30523.141
MinimumVisualStudioVersion = 10.0.40219.1
Project("{FAE04EC0-301F-11D3-BF4B-00C04F79EFBC}") = "MyFirstWebApi", "MyFirstWebApi.csproj", "{1EB8EA4C-42C1-412B-9D44-8212D11F5066}"
EndProject
Global
	GlobalSection(SolutionConfigurationPlatforms) = preSolution
		Debug|Any CPU = Debug|Any CPU
		Release|Any CPU = Release|Any CPU
	EndGlobalSection
	GlobalSection(ProjectConfigurationPlatforms) = postSolution
		{1EB8EA4C-42C1-412B-9D44-8212D11F5066}.Debug|Any CPU.ActiveCfg = Debug|Any CPU
		{1EB8EA4C-42C1-412B-9D44-8212D11F5066}.Debug|Any CPU.Build.0 = Debug|Any CPU
		{1EB8EA4C-42C1-412B-9D44-8212D11F5066}.Release|Any CPU.ActiveCfg = Release|Any CPU
		{1EB8EA4C-42C1-412B-9D44-8212D11F5066}.Release|Any CPU.Build.0 = Release|Any CPU
	EndGlobalSection
	GlobalSection(SolutionProperties) = preSolution
		HideSolutionNode = FALSE
	EndGlobalSection
	GlobalSection(ExtensibilityGlobals) = postSolution
		SolutionGuid = {E4458C88-5107-4450-A739-489EBB5544BE}
	EndGlobalSection
EndGlobal
